
Microsoft Visual Studio Solution File, Format Version 12.00
# Visual Studio Version 17
VisualStudioVersion = 17.5.33516.290
MinimumVisualStudioVersion = 10.0.40219.1
Project("{2150E333-8FDC-42A3-9474-1A3956D46DE8}") = "Microservices", "Microservices", "{09D6367D-8812-4141-ADD7-8CEB1F995630}"
EndProject
Project("{FAE04EC0-301F-11D3-BF4B-00C04F79EFBC}") = "FairyWeddingsAPI", "FairyPackagesAPI\FairyWeddingsAPI.csproj", "{09ABF4E9-7D45-40E9-9050-F0E803207CEB}"
EndProject
Global
	GlobalSection(SolutionConfigurationPlatforms) = preSolution
		Debug|Any CPU = Debug|Any CPU
		Release|Any CPU = Release|Any CPU
	EndGlobalSection
	GlobalSection(ProjectConfigurationPlatforms) = postSolution
		{09ABF4E9-7D45-40E9-9050-F0E803207CEB}.Debug|Any CPU.ActiveCfg = Debug|Any CPU
		{09ABF4E9-7D45-40E9-9050-F0E803207CEB}.Debug|Any CPU.Build.0 = Debug|Any CPU
		{09ABF4E9-7D45-40E9-9050-F0E803207CEB}.Release|Any CPU.ActiveCfg = Release|Any CPU
		{09ABF4E9-7D45-40E9-9050-F0E803207CEB}.Release|Any CPU.Build.0 = Release|Any CPU
	EndGlobalSection
	GlobalSection(SolutionProperties) = preSolution
		HideSolutionNode = FALSE
	EndGlobalSection
	GlobalSection(NestedProjects) = preSolution
		{09ABF4E9-7D45-40E9-9050-F0E803207CEB} = {09D6367D-8812-4141-ADD7-8CEB1F995630}
	EndGlobalSection
	GlobalSection(ExtensibilityGlobals) = postSolution
		SolutionGuid = {364CF89E-7E8C-421D-A741-88EBAA85724D}
	EndGlobalSection
EndGlobal
